
Microsoft Visual Studio Solution File, Format Version 12.00
# Visual Studio Version 17
VisualStudioVersion = 17.2.32616.157
MinimumVisualStudioVersion = 10.0.40219.1
Project("{FAE04EC0-301F-11D3-BF4B-00C04F79EFBC}") = "MemoryCards", "MemoryCards\MemoryCards.csproj", "{289D07C1-962B-4D08-AAB1-DBAF25FE9F13}"
EndProject
Global
	GlobalSection(SolutionConfigurationPlatforms) = preSolution
		Debug|Any CPU = Debug|Any CPU
		Release|Any CPU = Release|Any CPU
	EndGlobalSection
	GlobalSection(ProjectConfigurationPlatforms) = postSolution
		{289D07C1-962B-4D08-AAB1-DBAF25FE9F13}.Debug|Any CPU.ActiveCfg = Debug|Any CPU
		{289D07C1-962B-4D08-AAB1-DBAF25FE9F13}.Debug|Any CPU.Build.0 = Debug|Any CPU
		{289D07C1-962B-4D08-AAB1-DBAF25FE9F13}.Release|Any CPU.ActiveCfg = Release|Any CPU
		{289D07C1-962B-4D08-AAB1-DBAF25FE9F13}.Release|Any CPU.Build.0 = Release|Any CPU
	EndGlobalSection
	GlobalSection(SolutionProperties) = preSolution
		HideSolutionNode = FALSE
	EndGlobalSection
	GlobalSection(ExtensibilityGlobals) = postSolution
		SolutionGuid = {AECE1AEF-5284-4399-A701-A46187DE60A1}
	EndGlobalSection
EndGlobal
